
Microsoft Visual Studio Solution File, Format Version 12.00
# Visual Studio Version 16
VisualStudioVersion = 16.0.28803.352
MinimumVisualStudioVersion = 10.0.40219.1
Project("{FAE04EC0-301F-11D3-BF4B-00C04F79EFBC}") = "MyFirstWpfApp", "MyFirstWpfApp\MyFirstWpfApp.csproj", "{AEF9BBE1-9A78-4DE3-B7E1-46E9D1658A21}"
EndProject
Project("{FAE04EC0-301F-11D3-BF4B-00C04F79EFBC}") = "CommandDemo", "CommandDemo\CommandDemo.csproj", "{63C42E97-9C2F-454C-BAC2-5AB2765DCC64}"
EndProject
Global
	GlobalSection(SolutionConfigurationPlatforms) = preSolution
		Debug|Any CPU = Debug|Any CPU
		Release|Any CPU = Release|Any CPU
	EndGlobalSection
	GlobalSection(ProjectConfigurationPlatforms) = postSolution
		{AEF9BBE1-9A78-4DE3-B7E1-46E9D1658A21}.Debug|Any CPU.ActiveCfg = Debug|Any CPU
		{AEF9BBE1-9A78-4DE3-B7E1-46E9D1658A21}.Debug|Any CPU.Build.0 = Debug|Any CPU
		{AEF9BBE1-9A78-4DE3-B7E1-46E9D1658A21}.Release|Any CPU.ActiveCfg = Release|Any CPU
		{AEF9BBE1-9A78-4DE3-B7E1-46E9D1658A21}.Release|Any CPU.Build.0 = Release|Any CPU
		{63C42E97-9C2F-454C-BAC2-5AB2765DCC64}.Debug|Any CPU.ActiveCfg = Debug|Any CPU
		{63C42E97-9C2F-454C-BAC2-5AB2765DCC64}.Debug|Any CPU.Build.0 = Debug|Any CPU
		{63C42E97-9C2F-454C-BAC2-5AB2765DCC64}.Release|Any CPU.ActiveCfg = Release|Any CPU
		{63C42E97-9C2F-454C-BAC2-5AB2765DCC64}.Release|Any CPU.Build.0 = Release|Any CPU
	EndGlobalSection
	GlobalSection(SolutionProperties) = preSolution
		HideSolutionNode = FALSE
	EndGlobalSection
	GlobalSection(ExtensibilityGlobals) = postSolution
		SolutionGuid = {D912BEC0-55E9-47A9-AE97-D3F1892B3B1F}
	EndGlobalSection
EndGlobal
